{
  "nodes": {
    "flake-utils": {
      "inputs": {
        "systems": [
          "scenefx",
          "systems"
        ]
      },
      "locked": {
        "lastModified": 1731533236,
        "narHash": "sha256-l0KFg5HjrsfsO/JpG+r7fRrqm12kzFHyUHqHCVpMMbI=",
        "owner": "numtide",
        "repo": "flake-utils",
        "rev": "11707dc2f618dd54ca8739b309ec4fc024de578b",
        "type": "github"
      },
      "original": {
        "owner": "numtide",
        "repo": "flake-utils",
        "type": "github"
      }
    },
    "mango": {
      "flake": false,
      "locked": {
        "lastModified": 1789028712,
        "narHash": "sha256-dZpKmgtenyOpN4xWLu2ptc1jLWIuG7cQ2k9iy5ZgRSA=",
        "owner": "mangowm",
        "repo": "mango",
        "rev": "a2532fc80ea783654b7dcf8cd4195af8d85c74d1",
        "type": "github"
      },
      "original": {
        "owner": "mangowm",
        "repo": "mango",
        "type": "github"
      }
    },
    "nixpkgs": {
      "locked": {
        "lastModified": 1789012029,
        "narHash": "sha256-pAelOjF4w4iqEJozlFGQmWMobMa6F9eLIbMeBPBW7Ts=",
        "rev": "d5dfd8e6716dde34398bc14bc87c10dece9c8c68",
        "type": "tarball",
        "url": "https://releases.nixos.org/nixpkgs/nixpkgs-26.11pre1070774.d5dfd8e6716d/nixexprs.tar.xz"
      },
      "original": {
        "id": "nixpkgs",
        "type": "indirect"
      }
    },
    "root": {
      "inputs": {
        "mango": "mango",
        "nixpkgs": "nixpkgs",
        "scenefx": "scenefx"
      }
    },
    "scenefx": {
      "inputs": {
        "flake-utils": "flake-utils",
        "nixpkgs": [
          "nixpkgs"
        ],
        "systems": "systems"
      },
      "locked": {
        "lastModified": 1788359964,
        "narHash": "sha256-Cy1/nVurgywYpmTQ66MTRIBLPYoQ6SxF33qt8IxgNzY=",
        "owner": "wlrfx",
        "repo": "scenefx",
        "rev": "3606f3d3bb4bb97e13228adc5190bf57fc687c88",
        "type": "github"
      },
      "original": {
        "owner": "wlrfx",
        "repo": "scenefx",
        "type": "github"
      }
    },
    "systems": {
      "locked": {
        "lastModified": 1689347949,
        "narHash": "sha256-12tWmuL2zgBgZkdoB6qXZsgJEH9LR3oUgpaQq2RbI80=",
        "owner": "nix-systems",
        "repo": "default-linux",
        "rev": "31732fcf5e8fea42e59c2488ad31a0e651500f68",
        "type": "github"
      },
      "original": {
        "owner": "nix-systems",
        "repo": "default-linux",
        "type": "github"
      }
    }
  },
  "root": "root",
  "version": 7
}
